
Microsoft Visual Studio Solution File, Format Version 12.00
# Visual Studio Version 17
VisualStudioVersion = 17.3.32929.385
MinimumVisualStudioVersion = 10.0.40219.1
Project("{FAE04EC0-301F-11D3-BF4B-00C04F79EFBC}") = "Regra_de_Tres", "Regra_de_Tres.csproj", "{ECAD7656-B6E4-49B2-A565-BB9A43C60DF4}"
EndProject
Global
	GlobalSection(SolutionConfigurationPlatforms) = preSolution
		Debug|Any CPU = Debug|Any CPU
		Release|Any CPU = Release|Any CPU
	EndGlobalSection
	GlobalSection(ProjectConfigurationPlatforms) = postSolution
		{ECAD7656-B6E4-49B2-A565-BB9A43C60DF4}.Debug|Any CPU.ActiveCfg = Debug|Any CPU
		{ECAD7656-B6E4-49B2-A565-BB9A43C60DF4}.Debug|Any CPU.Build.0 = Debug|Any CPU
		{ECAD7656-B6E4-49B2-A565-BB9A43C60DF4}.Release|Any CPU.ActiveCfg = Release|Any CPU
		{ECAD7656-B6E4-49B2-A565-BB9A43C60DF4}.Release|Any CPU.Build.0 = Release|Any CPU
	EndGlobalSection
	GlobalSection(SolutionProperties) = preSolution
		HideSolutionNode = FALSE
	EndGlobalSection
	GlobalSection(ExtensibilityGlobals) = postSolution
		SolutionGuid = {050ED77E-5DFD-442A-ADE9-D3BA390BB0AF}
	EndGlobalSection
EndGlobal
